// !$*UTF8*$!
{
	archiveVersion = 1;
	classes = {
	};
	objectVersion = 50;
	objects = {

/* Begin PBXBuildFile section */
		ADDCC54B21032C0F00B7F893 /* AppDelegate.swift in Sources */ = {isa = PBXBuildFile; fileRef = ADDCC54A21032C0F00B7F893 /* AppDelegate.swift */; };
		ADDCC54D21032C0F00B7F893 /* ViewController.swift in Sources */ = {isa = PBXBuildFile; fileRef = ADDCC54C21032C0F00B7F893 /* ViewController.swift */; };
		ADDCC55021032C0F00B7F893 /* Main.storyboard in Resources */ = {isa = PBXBuildFile; fileRef = ADDCC54E21032C0F00B7F893 /* Main.storyboard */; };
		ADDCC55221032C1300B7F893 /* Assets.xcassets in Resources */ = {isa = PBXBuildFile; fileRef = ADDCC55121032C1300B7F893 /* Assets.xcassets */; };
		ADDCC55521032C1300B7F893 /* LaunchScreen.storyboard in Resources */ = {isa = PBXBuildFile; fileRef = ADDCC55321032C1300B7F893 /* LaunchScreen.storyboard */; };
		ADDCC56021032C1300B7F893 /* SwfitLecture02Tests.swift in Sources */ = {isa = PBXBuildFile; fileRef = ADDCC55F21032C1300B7F893 /* SwfitLecture02Tests.swift */; };
		ADDCC56B21032C1300B7F893 /* SwfitLecture02UITests.swift in Sources */ = {isa = PBXBuildFile; fileRef = ADDCC56A21032C1300B7F893 /* SwfitLecture02UITests.swift */; };
/* End PBXBuildFile section */

/* Begin PBXContainerItemProxy section */
		ADDCC55C21032C1300B7F893 /* PBXContainerItemProxy */ = {
			isa = PBXContainerItemProxy;
			containerPortal = ADDCC53F21032C0F00B7F893 /* Project object */;
			proxyType = 1;
			remoteGlobalIDString = ADDCC54621032C0F00B7F893;
			remoteInfo = SwfitLecture02;
		};
		ADDCC56721032C1300B7F893 /* PBXContainerItemProxy */ = {
			isa = PBXContainerItemProxy;
			containerPortal = ADDCC53F21032C0F00B7F893 /* Project object */;
			proxyType = 1;
			remoteGlobalIDString = ADDCC54621032C0F00B7F893;
			remoteInfo = SwfitLecture02;
		};
/* End PBXContainerItemProxy section */

/* Begin PBXFileReference section */
		ADDCC54721032C0F00B7F893 /* SwfitLecture02.app */ = {isa = PBXFileReference; explicitFileType = wrapper.application; includeInIndex = 0; path = SwfitLecture02.app; sourceTree = BUILT_PRODUCTS_DIR; };
		ADDCC54A21032C0F00B7F893 /* AppDelegate.swift */ = {isa = PBXFileReference; lastKnownFileType = sourcecode.swift; path = AppDelegate.swift; sourceTree = "<group>"; };
		ADDCC54C21032C0F00B7F893 /* ViewController.swift */ = {isa = PBXFileReference; lastKnownFileType = sourcecode.swift; path = ViewController.swift; sourceTree = "<group>"; };
		ADDCC54F21032C0F00B7F893 /* Base */ = {isa = PBXFileReference; lastKnownFileType = file.storyboard; name = Base; path = Base.lproj/Main.storyboard; sourceTree = "<group>"; };
		ADDCC55121032C1300B7F893 /* Assets.xcassets */ = {isa = PBXFileReference; lastKnownFileType = folder.assetcatalog; path = Assets.xcassets; sourceTree = "<group>"; };
		ADDCC55421032C1300B7F893 /* Base */ = {isa = PBXFileReference; lastKnownFileType = file.storyboard; name = Base; path = Base.lproj/LaunchScreen.storyboard; sourceTree = "<group>"; };
		ADDCC55621032C1300B7F893 /* Info.plist */ = {isa = PBXFileReference; lastKnownFileType = text.plist.xml; path = Info.plist; sourceTree = "<group>"; };
		ADDCC55B21032C1300B7F893 /* SwfitLecture02Tests.xctest */ = {isa = PBXFileReference; explicitFileType = wrapper.cfbundle; includeInIndex = 0; path = SwfitLecture02Tests.xctest; sourceTree = BUILT_PRODUCTS_DIR; };
		ADDCC55F21032C1300B7F893 /* SwfitLecture02Tests.swift */ = {isa = PBXFileReference; lastKnownFileType = sourcecode.swift; path = SwfitLecture02Tests.swift; sourceTree = "<group>"; };
		ADDCC56121032C1300B7F893 /* Info.plist */ = {isa = PBXFileReference; lastKnownFileType = text.plist.xml; path = Info.plist; sourceTree = "<group>"; };
		ADDCC56621032C1300B7F893 /* SwfitLecture02UITests.xctest */ = {isa = PBXFileReference; explicitFileType = wrapper.cfbundle; includeInIndex = 0; path = SwfitLecture02UITests.xctest; sourceTree = BUILT_PRODUCTS_DIR; };
		ADDCC56A21032C1300B7F893 /* SwfitLecture02UITests.swift */ = {isa = PBXFileReference; lastKnownFileType = sourcecode.swift; path = SwfitLecture02UITests.swift; sourceTree = "<group>"; };
		ADDCC56C21032C1300B7F893 /* Info.plist */ = {isa = PBXFileReference; lastKnownFileType = text.plist.xml; path = Info.plist; sourceTree = "<group>"; };
/* End PBXFileReference section */

/* Begin PBXFrameworksBuildPhase section */
		ADDCC54421032C0F00B7F893 /* Frameworks */ = {
			isa = PBXFrameworksBuildPhase;
			buildActionMask = 2147483647;
			files = (
			);
			runOnlyForDeploymentPostprocessing = 0;
		};
		ADDCC55821032C1300B7F893 /* Frameworks */ = {
			isa = PBXFrameworksBuildPhase;
			buildActionMask = 2147483647;
			files = (
			);
			runOnlyForDeploymentPostprocessing = 0;
		};
		ADDCC56321032C1300B7F893 /* Frameworks */ = {
			isa = PBXFrameworksBuildPhase;
			buildActionMask = 2147483647;
			files = (
			);
			runOnlyForDeploymentPostprocessing = 0;
		};
/* End PBXFrameworksBuildPhase section */

/* Begin PBXGroup section */
		AD531F1721040DDC007AB64A /* LoginFlow */ = {
			isa = PBXGroup;
			children = (
			);
			path = LoginFlow;
			sourceTree = "<group>";
		};
		ADDCC53E21032C0F00B7F893 = {
			isa = PBXGroup;
			children = (
				ADDCC54921032C0F00B7F893 /* SwfitLecture02 */,
				ADDCC55E21032C1300B7F893 /* SwfitLecture02Tests */,
				ADDCC56921032C1300B7F893 /* SwfitLecture02UITests */,
				ADDCC54821032C0F00B7F893 /* Products */,
			);
			sourceTree = "<group>";
		};
		ADDCC54821032C0F00B7F893 /* Products */ = {
			isa = PBXGroup;
			children = (
				ADDCC54721032C0F00B7F893 /* SwfitLecture02.app */,
				ADDCC55B21032C1300B7F893 /* SwfitLecture02Tests.xctest */,
				ADDCC56621032C1300B7F893 /* SwfitLecture02UITests.xctest */,
			);
			name = Products;
			sourceTree = "<group>";
		};
		ADDCC54921032C0F00B7F893 /* SwfitLecture02 */ = {
			isa = PBXGroup;
			children = (
				AD531F1721040DDC007AB64A /* LoginFlow */,
				ADDCC54A21032C0F00B7F893 /* AppDelegate.swift */,
				ADDCC54C21032C0F00B7F893 /* ViewController.swift */,
				ADDCC54E21032C0F00B7F893 /* Main.storyboard */,
				ADDCC55121032C1300B7F893 /* Assets.xcassets */,
				ADDCC55321032C1300B7F893 /* LaunchScreen.storyboard */,
				ADDCC55621032C1300B7F893 /* Info.plist */,
			);
			path = SwfitLecture02;
			sourceTree = "<group>";
		};
		ADDCC55E21032C1300B7F893 /* SwfitLecture02Tests */ = {
			isa = PBXGroup;
			children = (
				ADDCC55F21032C1300B7F893 /* SwfitLecture02Tests.swift */,
				ADDCC56121032C1300B7F893 /* Info.plist */,
			);
			path = SwfitLecture02Tests;
			sourceTree = "<group>";
		};
		ADDCC56921032C1300B7F893 /* SwfitLecture02UITests */ = {
			isa = PBXGroup;
			children = (
				ADDCC56A21032C1300B7F893 /* SwfitLecture02UITests.swift */,
				ADDCC56C21032C1300B7F893 /* Info.plist */,
			);
			path = SwfitLecture02UITests;
			sourceTree = "<group>";
		};
/* End PBXGroup section */

/* Begin PBXNativeTarget section */
		ADDCC54621032C0F00B7F893 /* SwfitLecture02 */ = {
			isa = PBXNativeTarget;
			buildConfigurationList = ADDCC56F21032C1300B7F893 /* Build configuration list for PBXNativeTarget "SwfitLecture02" */;
			buildPhases = (
				ADDCC54321032C0F00B7F893 /* Sources */,
				ADDCC54421032C0F00B7F893 /* Frameworks */,
				ADDCC54521032C0F00B7F893 /* Resources */,
			);
			buildRules = (
			);
			dependencies = (
			);
			name = SwfitLecture02;
			productName = SwfitLecture02;
			productReference = ADDCC54721032C0F00B7F893 /* SwfitLecture02.app */;
			productType = "com.apple.product-type.application";
		};
		ADDCC55A21032C1300B7F893 /* SwfitLecture02Tests */ = {
			isa = PBXNativeTarget;
			buildConfigurationList = ADDCC57221032C1300B7F893 /* Build configuration list for PBXNativeTarget "SwfitLecture02Tests" */;
			buildPhases = (
				ADDCC55721032C1300B7F893 /* Sources */,
				ADDCC55821032C1300B7F893 /* Frameworks */,
				ADDCC55921032C1300B7F893 /* Resources */,
			);
			buildRules = (
			);
			dependencies = (
				ADDCC55D21032C1300B7F893 /* PBXTargetDependency */,
			);
			name = SwfitLecture02Tests;
			productName = SwfitLecture02Tests;
			productReference = ADDCC55B21032C1300B7F893 /* SwfitLecture02Tests.xctest */;
			productType = "com.apple.product-type.bundle.unit-test";
		};
		ADDCC56521032C1300B7F893 /* SwfitLecture02UITests */ = {
			isa = PBXNativeTarget;
			buildConfigurationList = ADDCC57521032C1300B7F893 /* Build configuration list for PBXNativeTarget "SwfitLecture02UITests" */;
			buildPhases = (
				ADDCC56221032C1300B7F893 /* Sources */,
				ADDCC56321032C1300B7F893 /* Frameworks */,
				ADDCC56421032C1300B7F893 /* Resources */,
			);
			buildRules = (
			);
			dependencies = (
				ADDCC56821032C1300B7F893 /* PBXTargetDependency */,
			);
			name = SwfitLecture02UITests;
			productName = SwfitLecture02UITests;
			productReference = ADDCC56621032C1300B7F893 /* SwfitLecture02UITests.xctest */;
			productType = "com.apple.product-type.bundle.ui-testing";
		};
/* End PBXNativeTarget section */

/* Begin PBXProject section */
		ADDCC53F21032C0F00B7F893 /* Project object */ = {
			isa = PBXProject;
			attributes = {
				LastSwiftUpdateCheck = 0940;
				LastUpgradeCheck = 0940;
				ORGANIZATIONNAME = miao;
				TargetAttributes = {
					ADDCC54621032C0F00B7F893 = {
						CreatedOnToolsVersion = 9.4;
					};
					ADDCC55A21032C1300B7F893 = {
						CreatedOnToolsVersion = 9.4;
						TestTargetID = ADDCC54621032C0F00B7F893;
					};
					ADDCC56521032C1300B7F893 = {
						CreatedOnToolsVersion = 9.4;
						TestTargetID = ADDCC54621032C0F00B7F893;
					};
				};
			};
			buildConfigurationList = ADDCC54221032C0F00B7F893 /* Build configuration list for PBXProject "SwfitLecture02" */;
			compatibilityVersion = "Xcode 9.3";
			developmentRegion = en;
			hasScannedForEncodings = 0;
			knownRegions = (
				en,
				Base,
			);
			mainGroup = ADDCC53E21032C0F00B7F893;
			productRefGroup = ADDCC54821032C0F00B7F893 /* Products */;
			projectDirPath = "";
			projectRoot = "";
			targets = (
				ADDCC54621032C0F00B7F893 /* SwfitLecture02 */,
				ADDCC55A21032C1300B7F893 /* SwfitLecture02Tests */,
				ADDCC56521032C1300B7F893 /* SwfitLecture02UITests */,
			);
		};
/* End PBXProject section */

/* Begin PBXResourcesBuildPhase section */
		ADDCC54521032C0F00B7F893 /* Resources */ = {
			isa = PBXResourcesBuildPhase;
			buildActionMask = 2147483647;
			files = (
				ADDCC55521032C1300B7F893 /* LaunchScreen.storyboard in Resources */,
				ADDCC55221032C1300B7F893 /* Assets.xcassets in Resources */,
				ADDCC55021032C0F00B7F893 /* Main.storyboard in Resources */,
			);
			runOnlyForDeploymentPostprocessing = 0;
		};
		ADDCC55921032C1300B7F893 /* Resources */ = {
			isa = PBXResourcesBuildPhase;
			buildActionMask = 2147483647;
			files = (
			);
			runOnlyForDeploymentPostprocessing = 0;
		};
		ADDCC56421032C1300B7F893 /* Resources */ = {
			isa = PBXResourcesBuildPhase;
			buildActionMask = 2147483647;
			files = (
			);
			runOnlyForDeploymentPostprocessing = 0;
		};
/* End PBXResourcesBuildPhase section */

/* Begin PBXSourcesBuildPhase section */
		ADDCC54321032C0F00B7F893 /* Sources */ = {
			isa = PBXSourcesBuildPhase;
			buildActionMask = 2147483647;
			files = (
				ADDCC54D21032C0F00B7F893 /* ViewController.swift in Sources */,
				ADDCC54B21032C0F00B7F893 /* AppDelegate.swift in Sources */,
			);
			runOnlyForDeploymentPostprocessing = 0;
		};
		ADDCC55721032C1300B7F893 /* Sources */ = {
			isa = PBXSourcesBuildPhase;
			buildActionMask = 2147483647;
			files = (
				ADDCC56021032C1300B7F893 /* SwfitLecture02Tests.swift in Sources */,
			);
			runOnlyForDeploymentPostprocessing = 0;
		};
		ADDCC56221032C1300B7F893 /* Sources */ = {
			isa = PBXSourcesBuildPhase;
			buildActionMask = 2147483647;
			files = (
				ADDCC56B21032C1300B7F893 /* SwfitLecture02UITests.swift in Sources */,
			);
			runOnlyForDeploymentPostprocessing = 0;
		};
/* End PBXSourcesBuildPhase section */

/* Begin PBXTargetDependency section */
		ADDCC55D21032C1300B7F893 /* PBXTargetDependency */ = {
			isa = PBXTargetDependency;
			target = ADDCC54621032C0F00B7F893 /* SwfitLecture02 */;
			targetProxy = ADDCC55C21032C1300B7F893 /* PBXContainerItemProxy */;
		};
		ADDCC56821032C1300B7F893 /* PBXTargetDependency */ = {
			isa = PBXTargetDependency;
			target = ADDCC54621032C0F00B7F893 /* SwfitLecture02 */;
			targetProxy = ADDCC56721032C1300B7F893 /* PBXContainerItemProxy */;
		};
/* End PBXTargetDependency section */

/* Begin PBXVariantGroup section */
		ADDCC54E21032C0F00B7F893 /* Main.storyboard */ = {
			isa = PBXVariantGroup;
			children = (
				ADDCC54F21032C0F00B7F893 /* Base */,
			);
			name = Main.storyboard;
			sourceTree = "<group>";
		};
		ADDCC55321032C1300B7F893 /* LaunchScreen.storyboard */ = {
			isa = PBXVariantGroup;
			children = (
				ADDCC55421032C1300B7F893 /* Base */,
			);
			name = LaunchScreen.storyboard;
			sourceTree = "<group>";
		};
/* End PBXVariantGroup section */

/* Begin XCBuildConfiguration section */
		ADDCC56D21032C1300B7F893 /* Debug */ = {
			isa = XCBuildConfiguration;
			buildSettings = {
				ALWAYS_SEARCH_USER_PATHS = NO;
				CLANG_ANALYZER_NONNULL = YES;
				CLANG_ANALYZER_NUMBER_OBJECT_CONVERSION = YES_AGGRESSIVE;
				CLANG_CXX_LANGUAGE_STANDARD = "gnu++14";
				CLANG_CXX_LIBRARY = "libc++";
				CLANG_ENABLE_MODULES = YES;
				CLANG_ENABLE_OBJC_ARC = YES;
				CLANG_ENABLE_OBJC_WEAK = YES;
				CLANG_WARN_BLOCK_CAPTURE_AUTORELEASING = YES;
				CLANG_WARN_BOOL_CONVERSION = YES;
				CLANG_WARN_COMMA = YES;
				CLANG_WARN_CONSTANT_CONVERSION = YES;
				CLANG_WARN_DEPRECATED_OBJC_IMPLEMENTATIONS = YES;
				CLANG_WARN_DIRECT_OBJC_ISA_USAGE = YES_ERROR;
				CLANG_WARN_DOCUMENTATION_COMMENTS = YES;
				CLANG_WARN_EMPTY_BODY = YES;
				CLANG_WARN_ENUM_CONVERSION = YES;
				CLANG_WARN_INFINITE_RECURSION = YES;
				CLANG_WARN_INT_CONVERSION = YES;
				CLANG_WARN_NON_LITERAL_NULL_CONVERSION = YES;
				CLANG_WARN_OBJC_IMPLICIT_RETAIN_SELF = YES;
				CLANG_WARN_OBJC_LITERAL_CONVERSION = YES;
				CLANG_WARN_OBJC_ROOT_CLASS = YES_ERROR;
				CLANG_WARN_RANGE_LOOP_ANALYSIS = YES;
				CLANG_WARN_STRICT_PROTOTYPES = YES;
				CLANG_WARN_SUSPICIOUS_MOVE = YES;
				CLANG_WARN_UNGUARDED_AVAILABILITY = YES_AGGRESSIVE;
				CLANG_WARN_UNREACHABLE_CODE = YES;
				CLANG_WARN__DUPLICATE_METHOD_MATCH = YES;
				CODE_SIGN_IDENTITY = "iPhone Developer";
				COPY_PHASE_STRIP = NO;
				DEBUG_INFORMATION_FORMAT = dwarf;
				ENABLE_STRICT_OBJC_MSGSEND = YES;
				ENABLE_TESTABILITY = YES;
				GCC_C_LANGUAGE_STANDARD = gnu11;
				GCC_DYNAMIC_NO_PIC = NO;
				GCC_NO_COMMON_BLOCKS = YES;
				GCC_OPTIMIZATION_LEVEL = 0;
				GCC_PREPROCESSOR_DEFINITIONS = (
					"DEBUG=1",
					"$(inherited)",
				);
				GCC_WARN_64_TO_32_BIT_CONVERSION = YES;
				GCC_WARN_ABOUT_RETURN_TYPE = YES_ERROR;
				GCC_WARN_UNDECLARED_SELECTOR = YES;
				GCC_WARN_UNINITIALIZED_AUTOS = YES_AGGRESSIVE;
				GCC_WARN_UNUSED_FUNCTION = YES;
				GCC_WARN_UNUSED_VARIABLE = YES;
				IPHONEOS_DEPLOYMENT_TARGET = 11.4;
				MTL_ENABLE_DEBUG_INFO = YES;
				ONLY_ACTIVE_ARCH = YES;
				SDKROOT = iphoneos;
				SWIFT_ACTIVE_COMPILATION_CONDITIONS = DEBUG;
				SWIFT_OPTIMIZATION_LEVEL = "-Onone";
			};
			name = Debug;
		};
		ADDCC56E21032C1300B7F893 /* Release */ = {
			isa = XCBuildConfiguration;
			buildSettings = {
				ALWAYS_SEARCH_USER_PATHS = NO;
				CLANG_ANALYZER_NONNULL = YES;
				CLANG_ANALYZER_NUMBER_OBJECT_CONVERSION = YES_AGGRESSIVE;
				CLANG_CXX_LANGUAGE_STANDARD = "gnu++14";
				CLANG_CXX_LIBRARY = "libc++";
				CLANG_ENABLE_MODULES = YES;
				CLANG_ENABLE_OBJC_ARC = YES;
				CLANG_ENABLE_OBJC_WEAK = YES;
				CLANG_WARN_BLOCK_CAPTURE_AUTORELEASING = YES;
				CLANG_WARN_BOOL_CONVERSION = YES;
				CLANG_WARN_COMMA = YES;
				CLANG_WARN_CONSTANT_CONVERSION = YES;
				CLANG_WARN_DEPRECATED_OBJC_IMPLEMENTATIONS = YES;
				CLANG_WARN_DIRECT_OBJC_ISA_USAGE = YES_ERROR;
				CLANG_WARN_DOCUMENTATION_COMMENTS = YES;
				CLANG_WARN_EMPTY_BODY = YES;
				CLANG_WARN_ENUM_CONVERSION = YES;
				CLANG_WARN_INFINITE_RECURSION = YES;
				CLANG_WARN_INT_CONVERSION = YES;
				CLANG_WARN_NON_LITERAL_NULL_CONVERSION = YES;
				CLANG_WARN_OBJC_IMPLICIT_RETAIN_SELF = YES;
				CLANG_WARN_OBJC_LITERAL_CONVERSION = YES;
				CLANG_WARN_OBJC_ROOT_CLASS = YES_ERROR;
				CLANG_WARN_RANGE_LOOP_ANALYSIS = YES;
				CLANG_WARN_STRICT_PROTOTYPES = YES;
				CLANG_WARN_SUSPICIOUS_MOVE = YES;
				CLANG_WARN_UNGUARDED_AVAILABILITY = YES_AGGRESSIVE;
				CLANG_WARN_UNREACHABLE_CODE = YES;
				CLANG_WARN__DUPLICATE_METHOD_MATCH = YES;
				CODE_SIGN_IDENTITY = "iPhone Developer";
				COPY_PHASE_STRIP = NO;
				DEBUG_INFORMATION_FORMAT = "dwarf-with-dsym";
				ENABLE_NS_ASSERTIONS = NO;
				ENABLE_STRICT_OBJC_MSGSEND = YES;
				GCC_C_LANGUAGE_STANDARD = gnu11;
				GCC_NO_COMMON_BLOCKS = YES;
				GCC_WARN_64_TO_32_BIT_CONVERSION = YES;
				GCC_WARN_ABOUT_RETURN_TYPE = YES_ERROR;
				GCC_WARN_UNDECLARED_SELECTOR = YES;
				GCC_WARN_UNINITIALIZED_AUTOS = YES_AGGRESSIVE;
				GCC_WARN_UNUSED_FUNCTION = YES;
				GCC_WARN_UNUSED_VARIABLE = YES;
				IPHONEOS_DEPLOYMENT_TARGET = 11.4;
				MTL_ENABLE_DEBUG_INFO = NO;
				SDKROOT = iphoneos;
				SWIFT_COMPILATION_MODE = wholemodule;
				SWIFT_OPTIMIZATION_LEVEL = "-O";
				VALIDATE_PRODUCT = YES;
			};
			name = Release;
		};
		ADDCC57021032C1300B7F893 /* Debug */ = {
			isa = XCBuildConfiguration;
			buildSettings = {
				ASSETCATALOG_COMPILER_APPICON_NAME = AppIcon;
				CODE_SIGN_STYLE = Automatic;
				INFOPLIST_FILE = SwfitLecture02/Info.plist;
				LD_RUNPATH_SEARCH_PATHS = (
					"$(inherited)",
					"@executable_path/Frameworks",
				);
				PRODUCT_BUNDLE_IDENTIFIER = com.miao.SwfitLecture02;
				PRODUCT_NAME = "$(TARGET_NAME)";
				SWIFT_VERSION = 4.0;
				TARGETED_DEVICE_FAMILY = "1,2";
			};
			name = Debug;
		};
		ADDCC57121032C1300B7F893 /* Release */ = {
			isa = XCBuildConfiguration;
			buildSettings = {
				ASSETCATALOG_COMPILER_APPICON_NAME = AppIcon;
				CODE_SIGN_STYLE = Automatic;
				INFOPLIST_FILE = SwfitLecture02/Info.plist;
				LD_RUNPATH_SEARCH_PATHS = (
					"$(inherited)",
					"@executable_path/Frameworks",
				);
				PRODUCT_BUNDLE_IDENTIFIER = com.miao.SwfitLecture02;
				PRODUCT_NAME = "$(TARGET_NAME)";
				SWIFT_VERSION = 4.0;
				TARGETED_DEVICE_FAMILY = "1,2";
			};
			name = Release;
		};
		ADDCC57321032C1300B7F893 /* Debug */ = {
			isa = XCBuildConfiguration;
			buildSettings = {
				ALWAYS_EMBED_SWIFT_STANDARD_LIBRARIES = YES;
				BUNDLE_LOADER = "$(TEST_HOST)";
				CODE_SIGN_STYLE = Automatic;
				INFOPLIST_FILE = SwfitLecture02Tests/Info.plist;
				LD_RUNPATH_SEARCH_PATHS = (
					"$(inherited)",
					"@executable_path/Frameworks",
					"@loader_path/Frameworks",
				);
				PRODUCT_BUNDLE_IDENTIFIER = com.miao.SwfitLecture02Tests;
				PRODUCT_NAME = "$(TARGET_NAME)";
				SWIFT_VERSION = 4.0;
				TARGETED_DEVICE_FAMILY = "1,2";
				TEST_HOST = "$(BUILT_PRODUCTS_DIR)/SwfitLecture02.app/SwfitLecture02";
			};
			name = Debug;
		};
		ADDCC57421032C1300B7F893 /* Release */ = {
			isa = XCBuildConfiguration;
			buildSettings = {
				ALWAYS_EMBED_SWIFT_STANDARD_LIBRARIES = YES;
				BUNDLE_LOADER = "$(TEST_HOST)";
				CODE_SIGN_STYLE = Automatic;
				INFOPLIST_FILE = SwfitLecture02Tests/Info.plist;
				LD_RUNPATH_SEARCH_PATHS = (
					"$(inherited)",
					"@executable_path/Frameworks",
					"@loader_path/Frameworks",
				);
				PRODUCT_BUNDLE_IDENTIFIER = com.miao.SwfitLecture02Tests;
				PRODUCT_NAME = "$(TARGET_NAME)";
				SWIFT_VERSION = 4.0;
				TARGETED_DEVICE_FAMILY = "1,2";
				TEST_HOST = "$(BUILT_PRODUCTS_DIR)/SwfitLecture02.app/SwfitLecture02";
			};
			name = Release;
		};
		ADDCC57621032C1300B7F893 /* Debug */ = {
			isa = XCBuildConfiguration;
			buildSettings = {
				ALWAYS_EMBED_SWIFT_STANDARD_LIBRARIES = YES;
				CODE_SIGN_STYLE = Automatic;
				INFOPLIST_FILE = SwfitLecture02UITests/Info.plist;
				LD_RUNPATH_SEARCH_PATHS = (
					"$(inherited)",
					"@executable_path/Frameworks",
					"@loader_path/Frameworks",
				);
				PRODUCT_BUNDLE_IDENTIFIER = com.miao.SwfitLecture02UITests;
				PRODUCT_NAME = "$(TARGET_NAME)";
				SWIFT_VERSION = 4.0;
				TARGETED_DEVICE_FAMILY = "1,2";
				TEST_TARGET_NAME = SwfitLecture02;
			};
			name = Debug;
		};
		ADDCC57721032C1300B7F893 /* Release */ = {
			isa = XCBuildConfiguration;
			buildSettings = {
				ALWAYS_EMBED_SWIFT_STANDARD_LIBRARIES = YES;
				CODE_SIGN_STYLE = Automatic;
				INFOPLIST_FILE = SwfitLecture02UITests/Info.plist;
				LD_RUNPATH_SEARCH_PATHS = (
					"$(inherited)",
					"@executable_path/Frameworks",
					"@loader_path/Frameworks",
				);
				PRODUCT_BUNDLE_IDENTIFIER = com.miao.SwfitLecture02UITests;
				PRODUCT_NAME = "$(TARGET_NAME)";
				SWIFT_VERSION = 4.0;
				TARGETED_DEVICE_FAMILY = "1,2";
				TEST_TARGET_NAME = SwfitLecture02;
			};
			name = Release;
		};
/* End XCBuildConfiguration section */

/* Begin XCConfigurationList section */
		ADDCC54221032C0F00B7F893 /* Build configuration list for PBXProject "SwfitLecture02" */ = {
			isa = XCConfigurationList;
			buildConfigurations = (
				ADDCC56D21032C1300B7F893 /* Debug */,
				ADDCC56E21032C1300B7F893 /* Release */,
			);
			defaultConfigurationIsVisible = 0;
			defaultConfigurationName = Release;
		};
		ADDCC56F21032C1300B7F893 /* Build configuration list for PBXNativeTarget "SwfitLecture02" */ = {
			isa = XCConfigurationList;
			buildConfigurations = (
				ADDCC57021032C1300B7F893 /* Debug */,
				ADDCC57121032C1300B7F893 /* Release */,
			);
			defaultConfigurationIsVisible = 0;
			defaultConfigurationName = Release;
		};
		ADDCC57221032C1300B7F893 /* Build configuration list for PBXNativeTarget "SwfitLecture02Tests" */ = {
			isa = XCConfigurationList;
			buildConfigurations = (
				ADDCC57321032C1300B7F893 /* Debug */,
				ADDCC57421032C1300B7F893 /* Release */,
			);
			defaultConfigurationIsVisible = 0;
			defaultConfigurationName = Release;
		};
		ADDCC57521032C1300B7F893 /* Build configuration list for PBXNativeTarget "SwfitLecture02UITests" */ = {
			isa = XCConfigurationList;
			buildConfigurations = (
				ADDCC57621032C1300B7F893 /* Debug */,
				ADDCC57721032C1300B7F893 /* Release */,
			);
			defaultConfigurationIsVisible = 0;
			defaultConfigurationName = Release;
		};
/* End XCConfigurationList section */
	};
	rootObject = ADDCC53F21032C0F00B7F893 /* Project object */;
}
